
Microsoft Visual Studio Solution File, Format Version 12.00
# Visual Studio Version 17
VisualStudioVersion = 17.8.34330.188
MinimumVisualStudioVersion = 10.0.40219.1
Project("{FAE04EC0-301F-11D3-BF4B-00C04F79EFBC}") = "TherapyApi", "TherapyApi\TherapyApi.csproj", "{9FE20ABD-9F30-45C7-8425-5E5429A24B30}"
EndProject
Global
	GlobalSection(SolutionConfigurationPlatforms) = preSolution
		Debug|Any CPU = Debug|Any CPU
		Release|Any CPU = Release|Any CPU
	EndGlobalSection
	GlobalSection(ProjectConfigurationPlatforms) = postSolution
		{9FE20ABD-9F30-45C7-8425-5E5429A24B30}.Debug|Any CPU.ActiveCfg = Debug|Any CPU
		{9FE20ABD-9F30-45C7-8425-5E5429A24B30}.Debug|Any CPU.Build.0 = Debug|Any CPU
		{9FE20ABD-9F30-45C7-8425-5E5429A24B30}.Release|Any CPU.ActiveCfg = Release|Any CPU
		{9FE20ABD-9F30-45C7-8425-5E5429A24B30}.Release|Any CPU.Build.0 = Release|Any CPU
	EndGlobalSection
	GlobalSection(SolutionProperties) = preSolution
		HideSolutionNode = FALSE
	EndGlobalSection
	GlobalSection(ExtensibilityGlobals) = postSolution
		SolutionGuid = {4CA7E3DE-5E7C-43E1-B601-6A6F79A00D6D}
	EndGlobalSection
EndGlobal
